// !$*UTF8*$!
{
	archiveVersion = 1;
	classes = {
	};
	objectVersion = 48;
	objects = {

/* Begin PBXBuildFile section */
		607FACD61AFB9204008FA782 /* AppDelegate.swift in Sources */ = {isa = PBXBuildFile; fileRef = 607FACD51AFB9204008FA782 /* AppDelegate.swift */; };
		607FACD81AFB9204008FA782 /* ViewController.swift in Sources */ = {isa = PBXBuildFile; fileRef = 607FACD71AFB9204008FA782 /* ViewController.swift */; };
		607FACDB1AFB9204008FA782 /* Main.storyboard in Resources */ = {isa = PBXBuildFile; fileRef = 607FACD91AFB9204008FA782 /* Main.storyboard */; };
		607FACDD1AFB9204008FA782 /* Images.xcassets in Resources */ = {isa = PBXBuildFile; fileRef = 607FACDC1AFB9204008FA782 /* Images.xcassets */; };
		607FACE01AFB9204008FA782 /* LaunchScreen.xib in Resources */ = {isa = PBXBuildFile; fileRef = 607FACDE1AFB9204008FA782 /* LaunchScreen.xib */; };
		AE16F9C41E4E788900986870 /* CGAffineTransformTests.swift in Sources */ = {isa = PBXBuildFile; fileRef = AE16F9C31E4E788900986870 /* CGAffineTransformTests.swift */; };
		AE1D6B1E1DB804EE005BEEB7 /* UIViewTests.swift in Sources */ = {isa = PBXBuildFile; fileRef = AE1D6B1D1DB804EE005BEEB7 /* UIViewTests.swift */; };
		AE1D6B211DB8054A005BEEB7 /* View.xib in Resources */ = {isa = PBXBuildFile; fileRef = AE1D6B201DB8054A005BEEB7 /* View.xib */; };
		AE1D6B231DB80560005BEEB7 /* View.swift in Sources */ = {isa = PBXBuildFile; fileRef = AE1D6B221DB80560005BEEB7 /* View.swift */; };
		AE2ABEC31DC6B8E100A11DB3 /* UIDeviceTests.swift in Sources */ = {isa = PBXBuildFile; fileRef = AE2ABEC21DC6B8E100A11DB3 /* UIDeviceTests.swift */; };
		AE2C0D561D9C5BE1002234C9 /* CollectionTests.swift in Sources */ = {isa = PBXBuildFile; fileRef = AE2C0D4F1D9C5BE1002234C9 /* CollectionTests.swift */; };
		AE2C0D571D9C5BE1002234C9 /* DateTests.swift in Sources */ = {isa = PBXBuildFile; fileRef = AE2C0D501D9C5BE1002234C9 /* DateTests.swift */; };
		AE2C0D581D9C5BE1002234C9 /* IntTests.swift in Sources */ = {isa = PBXBuildFile; fileRef = AE2C0D511D9C5BE1002234C9 /* IntTests.swift */; };
		AE2C0D591D9C5BE1002234C9 /* StringTests.swift in Sources */ = {isa = PBXBuildFile; fileRef = AE2C0D521D9C5BE1002234C9 /* StringTests.swift */; };
		AE2C0D5A1D9C5BE1002234C9 /* UIColorTests.swift in Sources */ = {isa = PBXBuildFile; fileRef = AE2C0D531D9C5BE1002234C9 /* UIColorTests.swift */; };
		AE2C0D5B1D9C5BE1002234C9 /* UIImageTests.swift in Sources */ = {isa = PBXBuildFile; fileRef = AE2C0D541D9C5BE1002234C9 /* UIImageTests.swift */; };
		AE2C0D5C1D9C5BE1002234C9 /* UIViewControllerTests.swift in Sources */ = {isa = PBXBuildFile; fileRef = AE2C0D551D9C5BE1002234C9 /* UIViewControllerTests.swift */; };
		AE2C0D5E1D9C5C04002234C9 /* land.jpg in Resources */ = {isa = PBXBuildFile; fileRef = AE2C0D5D1D9C5C04002234C9 /* land.jpg */; };
		AE3D8CD51DA9623400A3DD82 /* TimeIntervalTests.swift in Sources */ = {isa = PBXBuildFile; fileRef = AE3D8CD41DA9623400A3DD82 /* TimeIntervalTests.swift */; };
		AE3DA4E01DC3F8E200DB23DB /* FloatingPointTests.swift in Sources */ = {isa = PBXBuildFile; fileRef = AE3DA4DE1DC3F87700DB23DB /* FloatingPointTests.swift */; };
		AE70470A1FBF8875002963B6 /* WKInterfaceDeviceTests.swift in Sources */ = {isa = PBXBuildFile; fileRef = AE7047091FBF8875002963B6 /* WKInterfaceDeviceTests.swift */; };
		AE8FE41A1DD39CDC00C0C010 /* DataTests.swift in Sources */ = {isa = PBXBuildFile; fileRef = AE8FE4191DD39CDC00C0C010 /* DataTests.swift */; };
		AE9058161EBE754A00445A21 /* UIImageViewTests.swift in Sources */ = {isa = PBXBuildFile; fileRef = AE9058151EBE754A00445A21 /* UIImageViewTests.swift */; };
		AEBE05331DCD371B002DFBB6 /* UIScreenTests.swift in Sources */ = {isa = PBXBuildFile; fileRef = AEBE05321DCD371B002DFBB6 /* UIScreenTests.swift */; };
		AEBEED701FC015060016493F /* UITableViewCellTests.swift in Sources */ = {isa = PBXBuildFile; fileRef = AEBEED6F1FC015060016493F /* UITableViewCellTests.swift */; };
		AECF6F951FB063CA0097F077 /* Localizable.strings in Resources */ = {isa = PBXBuildFile; fileRef = AECF6F971FB063CA0097F077 /* Localizable.strings */; };
		AED205DA1DDCFCE2001C7C7C /* DictionaryTests.swift in Sources */ = {isa = PBXBuildFile; fileRef = AED205D91DDCFCE2001C7C7C /* DictionaryTests.swift */; };
		AEF63C451DF234E1004B1980 /* BoolTests.swift in Sources */ = {isa = PBXBuildFile; fileRef = AEF63C441DF234E1004B1980 /* BoolTests.swift */; };
		C26BC6DA20ECA70E5F7D0CE7 /* Pods_TinySwift_Example.framework in Frameworks */ = {isa = PBXBuildFile; fileRef = 7B4D15F9A03F907B504915B9 /* Pods_TinySwift_Example.framework */; };
		F7790282FAE5CDF43B0D80FC /* Pods_TinySwift_Tests.framework in Frameworks */ = {isa = PBXBuildFile; fileRef = E4DFA9BA4CF4C4571AA077E0 /* Pods_TinySwift_Tests.framework */; };
/* End PBXBuildFile section */

/* Begin PBXContainerItemProxy section */
		607FACE61AFB9204008FA782 /* PBXContainerItemProxy */ = {
			isa = PBXContainerItemProxy;
			containerPortal = 607FACC81AFB9204008FA782 /* Project object */;
			proxyType = 1;
			remoteGlobalIDString = 607FACCF1AFB9204008FA782;
			remoteInfo = TinySwift;
		};
/* End PBXContainerItemProxy section */

/* Begin PBXFileReference section */
		04B1C5DBCC19A57599C446B3 /* TinySwift.podspec */ = {isa = PBXFileReference; includeInIndex = 1; lastKnownFileType = text; name = TinySwift.podspec; path = ../TinySwift.podspec; sourceTree = "<group>"; };
		0E0B6E344ACAF1ACEE324239 /* LICENSE */ = {isa = PBXFileReference; includeInIndex = 1; lastKnownFileType = text; name = LICENSE; path = ../LICENSE; sourceTree = "<group>"; };
		607FACD01AFB9204008FA782 /* TinySwift_Example.app */ = {isa = PBXFileReference; explicitFileType = wrapper.application; includeInIndex = 0; path = TinySwift_Example.app; sourceTree = BUILT_PRODUCTS_DIR; };
		607FACD41AFB9204008FA782 /* Info.plist */ = {isa = PBXFileReference; lastKnownFileType = text.plist.xml; path = Info.plist; sourceTree = "<group>"; };
		607FACD51AFB9204008FA782 /* AppDelegate.swift */ = {isa = PBXFileReference; lastKnownFileType = sourcecode.swift; path = AppDelegate.swift; sourceTree = "<group>"; };
		607FACD71AFB9204008FA782 /* ViewController.swift */ = {isa = PBXFileReference; lastKnownFileType = sourcecode.swift; path = ViewController.swift; sourceTree = "<group>"; };
		607FACDA1AFB9204008FA782 /* Base */ = {isa = PBXFileReference; lastKnownFileType = file.storyboard; name = Base; path = Base.lproj/Main.storyboard; sourceTree = "<group>"; };
		607FACDC1AFB9204008FA782 /* Images.xcassets */ = {isa = PBXFileReference; lastKnownFileType = folder.assetcatalog; path = Images.xcassets; sourceTree = "<group>"; };
		607FACDF1AFB9204008FA782 /* Base */ = {isa = PBXFileReference; lastKnownFileType = file.xib; name = Base; path = Base.lproj/LaunchScreen.xib; sourceTree = "<group>"; };
		607FACE51AFB9204008FA782 /* TinySwift_Tests.xctest */ = {isa = PBXFileReference; explicitFileType = wrapper.cfbundle; includeInIndex = 0; path = TinySwift_Tests.xctest; sourceTree = BUILT_PRODUCTS_DIR; };
		607FACEA1AFB9204008FA782 /* Info.plist */ = {isa = PBXFileReference; lastKnownFileType = text.plist.xml; path = Info.plist; sourceTree = "<group>"; };
		63C15F6D28CE979B0D7F926F /* Pods-TinySwift_Tests.release.xcconfig */ = {isa = PBXFileReference; includeInIndex = 1; lastKnownFileType = text.xcconfig; name = "Pods-TinySwift_Tests.release.xcconfig"; path = "Pods/Target Support Files/Pods-TinySwift_Tests/Pods-TinySwift_Tests.release.xcconfig"; sourceTree = "<group>"; };
		7B4D15F9A03F907B504915B9 /* Pods_TinySwift_Example.framework */ = {isa = PBXFileReference; explicitFileType = wrapper.framework; includeInIndex = 0; path = Pods_TinySwift_Example.framework; sourceTree = BUILT_PRODUCTS_DIR; };
		7D0F01B335284780D8AAF807 /* Pods-TinySwift_Tests.debug.xcconfig */ = {isa = PBXFileReference; includeInIndex = 1; lastKnownFileType = text.xcconfig; name = "Pods-TinySwift_Tests.debug.xcconfig"; path = "Pods/Target Support Files/Pods-TinySwift_Tests/Pods-TinySwift_Tests.debug.xcconfig"; sourceTree = "<group>"; };
		8F1CDCC193DE9E72185A1D24 /* Pods-TinySwift_Example.debug.xcconfig */ = {isa = PBXFileReference; includeInIndex = 1; lastKnownFileType = text.xcconfig; name = "Pods-TinySwift_Example.debug.xcconfig"; path = "Pods/Target Support Files/Pods-TinySwift_Example/Pods-TinySwift_Example.debug.xcconfig"; sourceTree = "<group>"; };
		9EDF9AE1067EC86D0C92A727 /* README.md */ = {isa = PBXFileReference; includeInIndex = 1; lastKnownFileType = net.daringfireball.markdown; name = README.md; path = ../README.md; sourceTree = "<group>"; };
		AE16F9C31E4E788900986870 /* CGAffineTransformTests.swift */ = {isa = PBXFileReference; fileEncoding = 4; lastKnownFileType = sourcecode.swift; path = CGAffineTransformTests.swift; sourceTree = "<group>"; };
		AE1D6B1D1DB804EE005BEEB7 /* UIViewTests.swift */ = {isa = PBXFileReference; fileEncoding = 4; lastKnownFileType = sourcecode.swift; path = UIViewTests.swift; sourceTree = "<group>"; };
		AE1D6B201DB8054A005BEEB7 /* View.xib */ = {isa = PBXFileReference; fileEncoding = 4; lastKnownFileType = file.xib; path = View.xib; sourceTree = "<group>"; };
		AE1D6B221DB80560005BEEB7 /* View.swift */ = {isa = PBXFileReference; fileEncoding = 4; lastKnownFileType = sourcecode.swift; path = View.swift; sourceTree = "<group>"; };
		AE2ABEC21DC6B8E100A11DB3 /* UIDeviceTests.swift */ = {isa = PBXFileReference; fileEncoding = 4; lastKnownFileType = sourcecode.swift; path = UIDeviceTests.swift; sourceTree = "<group>"; };
		AE2C0D4F1D9C5BE1002234C9 /* CollectionTests.swift */ = {isa = PBXFileReference; fileEncoding = 4; lastKnownFileType = sourcecode.swift; path = CollectionTests.swift; sourceTree = "<group>"; };
		AE2C0D501D9C5BE1002234C9 /* DateTests.swift */ = {isa = PBXFileReference; fileEncoding = 4; lastKnownFileType = sourcecode.swift; path = DateTests.swift; sourceTree = "<group>"; };
		AE2C0D511D9C5BE1002234C9 /* IntTests.swift */ = {isa = PBXFileReference; fileEncoding = 4; lastKnownFileType = sourcecode.swift; path = IntTests.swift; sourceTree = "<group>"; };
		AE2C0D521D9C5BE1002234C9 /* StringTests.swift */ = {isa = PBXFileReference; fileEncoding = 4; lastKnownFileType = sourcecode.swift; path = StringTests.swift; sourceTree = "<group>"; };
		AE2C0D531D9C5BE1002234C9 /* UIColorTests.swift */ = {isa = PBXFileReference; fileEncoding = 4; lastKnownFileType = sourcecode.swift; path = UIColorTests.swift; sourceTree = "<group>"; };
		AE2C0D541D9C5BE1002234C9 /* UIImageTests.swift */ = {isa = PBXFileReference; fileEncoding = 4; lastKnownFileType = sourcecode.swift; path = UIImageTests.swift; sourceTree = "<group>"; };
		AE2C0D551D9C5BE1002234C9 /* UIViewControllerTests.swift */ = {isa = PBXFileReference; fileEncoding = 4; lastKnownFileType = sourcecode.swift; path = UIViewControllerTests.swift; sourceTree = "<group>"; };
		AE2C0D5D1D9C5C04002234C9 /* land.jpg */ = {isa = PBXFileReference; lastKnownFileType = image.jpeg; path = land.jpg; sourceTree = "<group>"; };
		AE3D8CD41DA9623400A3DD82 /* TimeIntervalTests.swift */ = {isa = PBXFileReference; fileEncoding = 4; lastKnownFileType = sourcecode.swift; path = TimeIntervalTests.swift; sourceTree = "<group>"; };
		AE3DA4DE1DC3F87700DB23DB /* FloatingPointTests.swift */ = {isa = PBXFileReference; fileEncoding = 4; lastKnownFileType = sourcecode.swift; path = FloatingPointTests.swift; sourceTree = "<group>"; };
		AE7047091FBF8875002963B6 /* WKInterfaceDeviceTests.swift */ = {isa = PBXFileReference; lastKnownFileType = sourcecode.swift; path = WKInterfaceDeviceTests.swift; sourceTree = "<group>"; };
		AE8FE4191DD39CDC00C0C010 /* DataTests.swift */ = {isa = PBXFileReference; fileEncoding = 4; lastKnownFileType = sourcecode.swift; path = DataTests.swift; sourceTree = "<group>"; };
		AE9058151EBE754A00445A21 /* UIImageViewTests.swift */ = {isa = PBXFileReference; fileEncoding = 4; lastKnownFileType = sourcecode.swift; path = UIImageViewTests.swift; sourceTree = "<group>"; };
		AEBE05321DCD371B002DFBB6 /* UIScreenTests.swift */ = {isa = PBXFileReference; fileEncoding = 4; lastKnownFileType = sourcecode.swift; path = UIScreenTests.swift; sourceTree = "<group>"; };
		AEBEED6F1FC015060016493F /* UITableViewCellTests.swift */ = {isa = PBXFileReference; lastKnownFileType = sourcecode.swift; path = UITableViewCellTests.swift; sourceTree = "<group>"; };
		AEC35CB61DA60E2A00974A52 /* TinySwift.framework */ = {isa = PBXFileReference; lastKnownFileType = wrapper.framework; name = TinySwift.framework; path = "../../../Library/Developer/Xcode/DerivedData/TinySwift-cohddqsgxhzltkgtonmxnsexaswn/Build/Products/Debug-iphonesimulator/TinySwift/TinySwift.framework"; sourceTree = "<group>"; };
		AECF6F961FB063CA0097F077 /* en */ = {isa = PBXFileReference; lastKnownFileType = text.plist.strings; name = en; path = en.lproj/Localizable.strings; sourceTree = "<group>"; };
		AED205D91DDCFCE2001C7C7C /* DictionaryTests.swift */ = {isa = PBXFileReference; fileEncoding = 4; lastKnownFileType = sourcecode.swift; path = DictionaryTests.swift; sourceTree = "<group>"; };
		AEF63C441DF234E1004B1980 /* BoolTests.swift */ = {isa = PBXFileReference; fileEncoding = 4; lastKnownFileType = sourcecode.swift; path = BoolTests.swift; sourceTree = "<group>"; };
		E00170ABCD2C04DE8432ECDF /* Pods-TinySwift_Example.release.xcconfig */ = {isa = PBXFileReference; includeInIndex = 1; lastKnownFileType = text.xcconfig; name = "Pods-TinySwift_Example.release.xcconfig"; path = "Pods/Target Support Files/Pods-TinySwift_Example/Pods-TinySwift_Example.release.xcconfig"; sourceTree = "<group>"; };
		E4DFA9BA4CF4C4571AA077E0 /* Pods_TinySwift_Tests.framework */ = {isa = PBXFileReference; explicitFileType = wrapper.framework; includeInIndex = 0; path = Pods_TinySwift_Tests.framework; sourceTree = BUILT_PRODUCTS_DIR; };
/* End PBXFileReference section */

/* Begin PBXFrameworksBuildPhase section */
		607FACCD1AFB9204008FA782 /* Frameworks */ = {
			isa = PBXFrameworksBuildPhase;
			buildActionMask = 2147483647;
			files = (
				C26BC6DA20ECA70E5F7D0CE7 /* Pods_TinySwift_Example.framework in Frameworks */,
			);
			runOnlyForDeploymentPostprocessing = 0;
		};
		607FACE21AFB9204008FA782 /* Frameworks */ = {
			isa = PBXFrameworksBuildPhase;
			buildActionMask = 2147483647;
			files = (
				F7790282FAE5CDF43B0D80FC /* Pods_TinySwift_Tests.framework in Frameworks */,
			);
			runOnlyForDeploymentPostprocessing = 0;
		};
/* End PBXFrameworksBuildPhase section */

/* Begin PBXGroup section */
		5B62FE8CBDA6DF96C88F334F /* Frameworks */ = {
			isa = PBXGroup;
			children = (
				AEC35CB61DA60E2A00974A52 /* TinySwift.framework */,
				7B4D15F9A03F907B504915B9 /* Pods_TinySwift_Example.framework */,
				E4DFA9BA4CF4C4571AA077E0 /* Pods_TinySwift_Tests.framework */,
			);
			name = Frameworks;
			sourceTree = "<group>";
		};
		607FACC71AFB9204008FA782 = {
			isa = PBXGroup;
			children = (
				607FACF51AFB993E008FA782 /* Podspec Metadata */,
				607FACD21AFB9204008FA782 /* Example for TinySwift */,
				607FACE81AFB9204008FA782 /* Tests */,
				607FACD11AFB9204008FA782 /* Products */,
				7465AACEB76BBB6FD5F3B092 /* Pods */,
				5B62FE8CBDA6DF96C88F334F /* Frameworks */,
			);
			sourceTree = "<group>";
		};
		607FACD11AFB9204008FA782 /* Products */ = {
			isa = PBXGroup;
			children = (
				607FACD01AFB9204008FA782 /* TinySwift_Example.app */,
				607FACE51AFB9204008FA782 /* TinySwift_Tests.xctest */,
			);
			name = Products;
			sourceTree = "<group>";
		};
		607FACD21AFB9204008FA782 /* Example for TinySwift */ = {
			isa = PBXGroup;
			children = (
				607FACD51AFB9204008FA782 /* AppDelegate.swift */,
				607FACD71AFB9204008FA782 /* ViewController.swift */,
				607FACD91AFB9204008FA782 /* Main.storyboard */,
				607FACDC1AFB9204008FA782 /* Images.xcassets */,
				607FACDE1AFB9204008FA782 /* LaunchScreen.xib */,
				607FACD31AFB9204008FA782 /* Supporting Files */,
			);
			name = "Example for TinySwift";
			path = TinySwift;
			sourceTree = "<group>";
		};
		607FACD31AFB9204008FA782 /* Supporting Files */ = {
			isa = PBXGroup;
			children = (
				607FACD41AFB9204008FA782 /* Info.plist */,
				AECF6F971FB063CA0097F077 /* Localizable.strings */,
			);
			name = "Supporting Files";
			sourceTree = "<group>";
		};
		607FACE81AFB9204008FA782 /* Tests */ = {
			isa = PBXGroup;
			children = (
				AEF63C441DF234E1004B1980 /* BoolTests.swift */,
				AE16F9C31E4E788900986870 /* CGAffineTransformTests.swift */,
				AE2C0D4F1D9C5BE1002234C9 /* CollectionTests.swift */,
				AE8FE4191DD39CDC00C0C010 /* DataTests.swift */,
				AE2C0D501D9C5BE1002234C9 /* DateTests.swift */,
				AED205D91DDCFCE2001C7C7C /* DictionaryTests.swift */,
				AE3DA4DE1DC3F87700DB23DB /* FloatingPointTests.swift */,
				AE2C0D511D9C5BE1002234C9 /* IntTests.swift */,
				AE2C0D521D9C5BE1002234C9 /* StringTests.swift */,
				AE3D8CD41DA9623400A3DD82 /* TimeIntervalTests.swift */,
				AE2C0D531D9C5BE1002234C9 /* UIColorTests.swift */,
				AE2ABEC21DC6B8E100A11DB3 /* UIDeviceTests.swift */,
				AE2C0D541D9C5BE1002234C9 /* UIImageTests.swift */,
				AE9058151EBE754A00445A21 /* UIImageViewTests.swift */,
				AEBE05321DCD371B002DFBB6 /* UIScreenTests.swift */,
				AEBEED6F1FC015060016493F /* UITableViewCellTests.swift */,
				AE1D6B1D1DB804EE005BEEB7 /* UIViewTests.swift */,
				AE2C0D551D9C5BE1002234C9 /* UIViewControllerTests.swift */,
				AE7047091FBF8875002963B6 /* WKInterfaceDeviceTests.swift */,
				607FACE91AFB9204008FA782 /* Supporting Files */,
			);
			path = Tests;
			sourceTree = "<group>";
		};
		607FACE91AFB9204008FA782 /* Supporting Files */ = {
			isa = PBXGroup;
			children = (
				607FACEA1AFB9204008FA782 /* Info.plist */,
				AE2C0D5D1D9C5C04002234C9 /* land.jpg */,
				AE1D6B201DB8054A005BEEB7 /* View.xib */,
				AE1D6B221DB80560005BEEB7 /* View.swift */,
			);
			name = "Supporting Files";
			sourceTree = "<group>";
		};
		607FACF51AFB993E008FA782 /* Podspec Metadata */ = {
			isa = PBXGroup;
			children = (
				04B1C5DBCC19A57599C446B3 /* TinySwift.podspec */,
				9EDF9AE1067EC86D0C92A727 /* README.md */,
				0E0B6E344ACAF1ACEE324239 /* LICENSE */,
			);
			name = "Podspec Metadata";
			sourceTree = "<group>";
		};
		7465AACEB76BBB6FD5F3B092 /* Pods */ = {
			isa = PBXGroup;
			children = (
				8F1CDCC193DE9E72185A1D24 /* Pods-TinySwift_Example.debug.xcconfig */,
				E00170ABCD2C04DE8432ECDF /* Pods-TinySwift_Example.release.xcconfig */,
				7D0F01B335284780D8AAF807 /* Pods-TinySwift_Tests.debug.xcconfig */,
				63C15F6D28CE979B0D7F926F /* Pods-TinySwift_Tests.release.xcconfig */,
			);
			name = Pods;
			sourceTree = "<group>";
		};
/* End PBXGroup section */

/* Begin PBXNativeTarget section */
		607FACCF1AFB9204008FA782 /* TinySwift_Example */ = {
			isa = PBXNativeTarget;
			buildConfigurationList = 607FACEF1AFB9204008FA782 /* Build configuration list for PBXNativeTarget "TinySwift_Example" */;
			buildPhases = (
				F9EB3EAEF6691E2C6B7789F1 /* [CP] Check Pods Manifest.lock */,
				607FACCC1AFB9204008FA782 /* Sources */,
				607FACCD1AFB9204008FA782 /* Frameworks */,
				607FACCE1AFB9204008FA782 /* Resources */,
				354CBCC0A6E9F8C98E359FD8 /* [CP] Embed Pods Frameworks */,
			);
			buildRules = (
			);
			dependencies = (
			);
			name = TinySwift_Example;
			productName = TinySwift;
			productReference = 607FACD01AFB9204008FA782 /* TinySwift_Example.app */;
			productType = "com.apple.product-type.application";
		};
		607FACE41AFB9204008FA782 /* TinySwift_Tests */ = {
			isa = PBXNativeTarget;
			buildConfigurationList = 607FACF21AFB9204008FA782 /* Build configuration list for PBXNativeTarget "TinySwift_Tests" */;
			buildPhases = (
				9E862BBCE67CE09356974109 /* [CP] Check Pods Manifest.lock */,
				607FACE11AFB9204008FA782 /* Sources */,
				607FACE21AFB9204008FA782 /* Frameworks */,
				607FACE31AFB9204008FA782 /* Resources */,
			);
			buildRules = (
			);
			dependencies = (
				607FACE71AFB9204008FA782 /* PBXTargetDependency */,
			);
			name = TinySwift_Tests;
			productName = Tests;
			productReference = 607FACE51AFB9204008FA782 /* TinySwift_Tests.xctest */;
			productType = "com.apple.product-type.bundle.unit-test";
		};
/* End PBXNativeTarget section */

/* Begin PBXProject section */
		607FACC81AFB9204008FA782 /* Project object */ = {
			isa = PBXProject;
			attributes = {
				LastSwiftUpdateCheck = 0720;
				LastUpgradeCheck = 0930;
				ORGANIZATIONNAME = CocoaPods;
				TargetAttributes = {
					607FACCF1AFB9204008FA782 = {
						CreatedOnToolsVersion = 6.3.1;
						LastSwiftMigration = 0900;
						ProvisioningStyle = Automatic;
					};
					607FACE41AFB9204008FA782 = {
						CreatedOnToolsVersion = 6.3.1;
						LastSwiftMigration = 0900;
						TestTargetID = 607FACCF1AFB9204008FA782;
					};
				};
			};
			buildConfigurationList = 607FACCB1AFB9204008FA782 /* Build configuration list for PBXProject "TinySwift" */;
			compatibilityVersion = "Xcode 8.0";
			developmentRegion = English;
			hasScannedForEncodings = 0;
			knownRegions = (
				en,
				Base,
			);
			mainGroup = 607FACC71AFB9204008FA782;
			productRefGroup = 607FACD11AFB9204008FA782 /* Products */;
			projectDirPath = "";
			projectRoot = "";
			targets = (
				607FACCF1AFB9204008FA782 /* TinySwift_Example */,
				607FACE41AFB9204008FA782 /* TinySwift_Tests */,
			);
		};
/* End PBXProject section */

/* Begin PBXResourcesBuildPhase section */
		607FACCE1AFB9204008FA782 /* Resources */ = {
			isa = PBXResourcesBuildPhase;
			buildActionMask = 2147483647;
			files = (
				607FACDB1AFB9204008FA782 /* Main.storyboard in Resources */,
				AECF6F951FB063CA0097F077 /* Localizable.strings in Resources */,
				607FACE01AFB9204008FA782 /* LaunchScreen.xib in Resources */,
				607FACDD1AFB9204008FA782 /* Images.xcassets in Resources */,
			);
			runOnlyForDeploymentPostprocessing = 0;
		};
		607FACE31AFB9204008FA782 /* Resources */ = {
			isa = PBXResourcesBuildPhase;
			buildActionMask = 2147483647;
			files = (
				AE1D6B211DB8054A005BEEB7 /* View.xib in Resources */,
				AE2C0D5E1D9C5C04002234C9 /* land.jpg in Resources */,
			);
			runOnlyForDeploymentPostprocessing = 0;
		};
/* End PBXResourcesBuildPhase section */

/* Begin PBXShellScriptBuildPhase section */
		354CBCC0A6E9F8C98E359FD8 /* [CP] Embed Pods Frameworks */ = {
			isa = PBXShellScriptBuildPhase;
			buildActionMask = 2147483647;
			files = (
			);
			inputPaths = (
				"${SRCROOT}/Pods/Target Support Files/Pods-TinySwift_Example/Pods-TinySwift_Example-frameworks.sh",
				"${BUILT_PRODUCTS_DIR}/TinySwift/TinySwift.framework",
			);
			name = "[CP] Embed Pods Frameworks";
			outputPaths = (
				"${TARGET_BUILD_DIR}/${FRAMEWORKS_FOLDER_PATH}/TinySwift.framework",
			);
			runOnlyForDeploymentPostprocessing = 0;
			shellPath = /bin/sh;
			shellScript = "\"${SRCROOT}/Pods/Target Support Files/Pods-TinySwift_Example/Pods-TinySwift_Example-frameworks.sh\"\n";
			showEnvVarsInLog = 0;
		};
		9E862BBCE67CE09356974109 /* [CP] Check Pods Manifest.lock */ = {
			isa = PBXShellScriptBuildPhase;
			buildActionMask = 2147483647;
			files = (
			);
			inputPaths = (
				"${PODS_PODFILE_DIR_PATH}/Podfile.lock",
				"${PODS_ROOT}/Manifest.lock",
			);
			name = "[CP] Check Pods Manifest.lock";
			outputPaths = (
				"$(DERIVED_FILE_DIR)/Pods-TinySwift_Tests-checkManifestLockResult.txt",
			);
			runOnlyForDeploymentPostprocessing = 0;
			shellPath = /bin/sh;
			shellScript = "diff \"${PODS_PODFILE_DIR_PATH}/Podfile.lock\" \"${PODS_ROOT}/Manifest.lock\" > /dev/null\nif [ $? != 0 ] ; then\n    # print error to STDERR\n    echo \"error: The sandbox is not in sync with the Podfile.lock. Run 'pod install' or update your CocoaPods installation.\" >&2\n    exit 1\nfi\n# This output is used by Xcode 'outputs' to avoid re-running this script phase.\necho \"SUCCESS\" > \"${SCRIPT_OUTPUT_FILE_0}\"\n";
			showEnvVarsInLog = 0;
		};
		F9EB3EAEF6691E2C6B7789F1 /* [CP] Check Pods Manifest.lock */ = {
			isa = PBXShellScriptBuildPhase;
			buildActionMask = 2147483647;
			files = (
			);
			inputPaths = (
				"${PODS_PODFILE_DIR_PATH}/Podfile.lock",
				"${PODS_ROOT}/Manifest.lock",
			);
			name = "[CP] Check Pods Manifest.lock";
			outputPaths = (
				"$(DERIVED_FILE_DIR)/Pods-TinySwift_Example-checkManifestLockResult.txt",
			);
			runOnlyForDeploymentPostprocessing = 0;
			shellPath = /bin/sh;
			shellScript = "diff \"${PODS_PODFILE_DIR_PATH}/Podfile.lock\" \"${PODS_ROOT}/Manifest.lock\" > /dev/null\nif [ $? != 0 ] ; then\n    # print error to STDERR\n    echo \"error: The sandbox is not in sync with the Podfile.lock. Run 'pod install' or update your CocoaPods installation.\" >&2\n    exit 1\nfi\n# This output is used by Xcode 'outputs' to avoid re-running this script phase.\necho \"SUCCESS\" > \"${SCRIPT_OUTPUT_FILE_0}\"\n";
			showEnvVarsInLog = 0;
		};
/* End PBXShellScriptBuildPhase section */

/* Begin PBXSourcesBuildPhase section */
		607FACCC1AFB9204008FA782 /* Sources */ = {
			isa = PBXSourcesBuildPhase;
			buildActionMask = 2147483647;
			files = (
				607FACD81AFB9204008FA782 /* ViewController.swift in Sources */,
				607FACD61AFB9204008FA782 /* AppDelegate.swift in Sources */,
			);
			runOnlyForDeploymentPostprocessing = 0;
		};
		607FACE11AFB9204008FA782 /* Sources */ = {
			isa = PBXSourcesBuildPhase;
			buildActionMask = 2147483647;
			files = (
				AE3DA4E01DC3F8E200DB23DB /* FloatingPointTests.swift in Sources */,
				AE70470A1FBF8875002963B6 /* WKInterfaceDeviceTests.swift in Sources */,
				AE2ABEC31DC6B8E100A11DB3 /* UIDeviceTests.swift in Sources */,
				AE2C0D581D9C5BE1002234C9 /* IntTests.swift in Sources */,
				AEBEED701FC015060016493F /* UITableViewCellTests.swift in Sources */,
				AEBE05331DCD371B002DFBB6 /* UIScreenTests.swift in Sources */,
				AE8FE41A1DD39CDC00C0C010 /* DataTests.swift in Sources */,
				AE3D8CD51DA9623400A3DD82 /* TimeIntervalTests.swift in Sources */,
				AE1D6B231DB80560005BEEB7 /* View.swift in Sources */,
				AE1D6B1E1DB804EE005BEEB7 /* UIViewTests.swift in Sources */,
				AED205DA1DDCFCE2001C7C7C /* DictionaryTests.swift in Sources */,
				AE2C0D561D9C5BE1002234C9 /* CollectionTests.swift in Sources */,
				AEF63C451DF234E1004B1980 /* BoolTests.swift in Sources */,
				AE2C0D5A1D9C5BE1002234C9 /* UIColorTests.swift in Sources */,
				AE9058161EBE754A00445A21 /* UIImageViewTests.swift in Sources */,
				AE2C0D591D9C5BE1002234C9 /* StringTests.swift in Sources */,
				AE2C0D5C1D9C5BE1002234C9 /* UIViewControllerTests.swift in Sources */,
				AE2C0D571D9C5BE1002234C9 /* DateTests.swift in Sources */,
				AE2C0D5B1D9C5BE1002234C9 /* UIImageTests.swift in Sources */,
				AE16F9C41E4E788900986870 /* CGAffineTransformTests.swift in Sources */,
			);
			runOnlyForDeploymentPostprocessing = 0;
		};
/* End PBXSourcesBuildPhase section */

/* Begin PBXTargetDependency section */
		607FACE71AFB9204008FA782 /* PBXTargetDependency */ = {
			isa = PBXTargetDependency;
			target = 607FACCF1AFB9204008FA782 /* TinySwift_Example */;
			targetProxy = 607FACE61AFB9204008FA782 /* PBXContainerItemProxy */;
		};
/* End PBXTargetDependency section */

/* Begin PBXVariantGroup section */
		607FACD91AFB9204008FA782 /* Main.storyboard */ = {
			isa = PBXVariantGroup;
			children = (
				607FACDA1AFB9204008FA782 /* Base */,
			);
			name = Main.storyboard;
			sourceTree = "<group>";
		};
		607FACDE1AFB9204008FA782 /* LaunchScreen.xib */ = {
			isa = PBXVariantGroup;
			children = (
				607FACDF1AFB9204008FA782 /* Base */,
			);
			name = LaunchScreen.xib;
			sourceTree = "<group>";
		};
		AECF6F971FB063CA0097F077 /* Localizable.strings */ = {
			isa = PBXVariantGroup;
			children = (
				AECF6F961FB063CA0097F077 /* en */,
			);
			name = Localizable.strings;
			sourceTree = "<group>";
		};
/* End PBXVariantGroup section */

/* Begin XCBuildConfiguration section */
		607FACED1AFB9204008FA782 /* Debug */ = {
			isa = XCBuildConfiguration;
			buildSettings = {
				ALWAYS_SEARCH_USER_PATHS = NO;
				CLANG_CXX_LANGUAGE_STANDARD = "gnu++0x";
				CLANG_CXX_LIBRARY = "libc++";
				CLANG_ENABLE_MODULES = YES;
				CLANG_ENABLE_OBJC_ARC = YES;
				CLANG_WARN_BLOCK_CAPTURE_AUTORELEASING = YES;
				CLANG_WARN_BOOL_CONVERSION = YES;
				CLANG_WARN_COMMA = YES;
				CLANG_WARN_CONSTANT_CONVERSION = YES;
				CLANG_WARN_DEPRECATED_OBJC_IMPLEMENTATIONS = YES;
				CLANG_WARN_DIRECT_OBJC_ISA_USAGE = YES_ERROR;
				CLANG_WARN_EMPTY_BODY = YES;
				CLANG_WARN_ENUM_CONVERSION = YES;
				CLANG_WARN_INFINITE_RECURSION = YES;
				CLANG_WARN_INT_CONVERSION = YES;
				CLANG_WARN_NON_LITERAL_NULL_CONVERSION = YES;
				CLANG_WARN_OBJC_IMPLICIT_RETAIN_SELF = YES;
				CLANG_WARN_OBJC_LITERAL_CONVERSION = YES;
				CLANG_WARN_OBJC_ROOT_CLASS = YES_ERROR;
				CLANG_WARN_RANGE_LOOP_ANALYSIS = YES;
				CLANG_WARN_STRICT_PROTOTYPES = YES;
				CLANG_WARN_SUSPICIOUS_MOVE = YES;
				CLANG_WARN_UNREACHABLE_CODE = YES;
				CLANG_WARN__DUPLICATE_METHOD_MATCH = YES;
				"CODE_SIGN_IDENTITY[sdk=iphoneos*]" = "iPhone Developer";
				COPY_PHASE_STRIP = NO;
				DEBUG_INFORMATION_FORMAT = "dwarf-with-dsym";
				ENABLE_STRICT_OBJC_MSGSEND = YES;
				ENABLE_TESTABILITY = YES;
				GCC_C_LANGUAGE_STANDARD = gnu99;
				GCC_DYNAMIC_NO_PIC = NO;
				GCC_NO_COMMON_BLOCKS = YES;
				GCC_OPTIMIZATION_LEVEL = 0;
				GCC_PREPROCESSOR_DEFINITIONS = (
					"DEBUG=1",
					"$(inherited)",
				);
				GCC_SYMBOLS_PRIVATE_EXTERN = NO;
				GCC_WARN_64_TO_32_BIT_CONVERSION = YES;
				GCC_WARN_ABOUT_RETURN_TYPE = YES_ERROR;
				GCC_WARN_UNDECLARED_SELECTOR = YES;
				GCC_WARN_UNINITIALIZED_AUTOS = YES_AGGRESSIVE;
				GCC_WARN_UNUSED_FUNCTION = YES;
				GCC_WARN_UNUSED_VARIABLE = YES;
				IPHONEOS_DEPLOYMENT_TARGET = 9.0;
				MTL_ENABLE_DEBUG_INFO = YES;
				ONLY_ACTIVE_ARCH = YES;
				SDKROOT = iphoneos;
				SWIFT_OPTIMIZATION_LEVEL = "-Onone";
				SWIFT_VERSION = 4.2;
			};
			name = Debug;
		};
		607FACEE1AFB9204008FA782 /* Release */ = {
			isa = XCBuildConfiguration;
			buildSettings = {
				ALWAYS_SEARCH_USER_PATHS = NO;
				CLANG_CXX_LANGUAGE_STANDARD = "gnu++0x";
				CLANG_CXX_LIBRARY = "libc++";
				CLANG_ENABLE_MODULES = YES;
				CLANG_ENABLE_OBJC_ARC = YES;
				CLANG_WARN_BLOCK_CAPTURE_AUTORELEASING = YES;
				CLANG_WARN_BOOL_CONVERSION = YES;
				CLANG_WARN_COMMA = YES;
				CLANG_WARN_CONSTANT_CONVERSION = YES;
				CLANG_WARN_DEPRECATED_OBJC_IMPLEMENTATIONS = YES;
				CLANG_WARN_DIRECT_OBJC_ISA_USAGE = YES_ERROR;
				CLANG_WARN_EMPTY_BODY = YES;
				CLANG_WARN_ENUM_CONVERSION = YES;
				CLANG_WARN_INFINITE_RECURSION = YES;
				CLANG_WARN_INT_CONVERSION = YES;
				CLANG_WARN_NON_LITERAL_NULL_CONVERSION = YES;
				CLANG_WARN_OBJC_IMPLICIT_RETAIN_SELF = YES;
				CLANG_WARN_OBJC_LITERAL_CONVERSION = YES;
				CLANG_WARN_OBJC_ROOT_CLASS = YES_ERROR;
				CLANG_WARN_RANGE_LOOP_ANALYSIS = YES;
				CLANG_WARN_STRICT_PROTOTYPES = YES;
				CLANG_WARN_SUSPICIOUS_MOVE = YES;
				CLANG_WARN_UNREACHABLE_CODE = YES;
				CLANG_WARN__DUPLICATE_METHOD_MATCH = YES;
				"CODE_SIGN_IDENTITY[sdk=iphoneos*]" = "iPhone Developer";
				COPY_PHASE_STRIP = NO;
				DEBUG_INFORMATION_FORMAT = "dwarf-with-dsym";
				ENABLE_NS_ASSERTIONS = NO;
				ENABLE_STRICT_OBJC_MSGSEND = YES;
				GCC_C_LANGUAGE_STANDARD = gnu99;
				GCC_NO_COMMON_BLOCKS = YES;
				GCC_WARN_64_TO_32_BIT_CONVERSION = YES;
				GCC_WARN_ABOUT_RETURN_TYPE = YES_ERROR;
				GCC_WARN_UNDECLARED_SELECTOR = YES;
				GCC_WARN_UNINITIALIZED_AUTOS = YES_AGGRESSIVE;
				GCC_WARN_UNUSED_FUNCTION = YES;
				GCC_WARN_UNUSED_VARIABLE = YES;
				IPHONEOS_DEPLOYMENT_TARGET = 9.0;
				MTL_ENABLE_DEBUG_INFO = NO;
				SDKROOT = iphoneos;
				SWIFT_OPTIMIZATION_LEVEL = "-Owholemodule";
				SWIFT_VERSION = 4.2;
				VALIDATE_PRODUCT = YES;
			};
			name = Release;
		};
		607FACF01AFB9204008FA782 /* Debug */ = {
			isa = XCBuildConfiguration;
			baseConfigurationReference = 8F1CDCC193DE9E72185A1D24 /* Pods-TinySwift_Example.debug.xcconfig */;
			buildSettings = {
				ALWAYS_EMBED_SWIFT_STANDARD_LIBRARIES = YES;
				ASSETCATALOG_COMPILER_APPICON_NAME = AppIcon;
				ASSETCATALOG_COMPILER_LAUNCHIMAGE_NAME = LaunchImage;
				"CODE_SIGN_IDENTITY[sdk=iphoneos*]" = "iPhone Developer";
				DEVELOPMENT_TEAM = "";
				INFOPLIST_FILE = TinySwift/Info.plist;
				IPHONEOS_DEPLOYMENT_TARGET = 9.0;
				LD_RUNPATH_SEARCH_PATHS = "$(inherited) @executable_path/Frameworks";
				MODULE_NAME = ExampleApp;
				PRODUCT_BUNDLE_IDENTIFIER = "org.cocoapods.demo.$(PRODUCT_NAME:rfc1034identifier)";
				PRODUCT_NAME = "$(TARGET_NAME)";
			};
			name = Debug;
		};
		607FACF11AFB9204008FA782 /* Release */ = {
			isa = XCBuildConfiguration;
			baseConfigurationReference = E00170ABCD2C04DE8432ECDF /* Pods-TinySwift_Example.release.xcconfig */;
			buildSettings = {
				ALWAYS_EMBED_SWIFT_STANDARD_LIBRARIES = YES;
				ASSETCATALOG_COMPILER_APPICON_NAME = AppIcon;
				ASSETCATALOG_COMPILER_LAUNCHIMAGE_NAME = LaunchImage;
				"CODE_SIGN_IDENTITY[sdk=iphoneos*]" = "iPhone Developer";
				DEVELOPMENT_TEAM = "";
				INFOPLIST_FILE = TinySwift/Info.plist;
				IPHONEOS_DEPLOYMENT_TARGET = 9.0;
				LD_RUNPATH_SEARCH_PATHS = "$(inherited) @executable_path/Frameworks";
				MODULE_NAME = ExampleApp;
				PRODUCT_BUNDLE_IDENTIFIER = "org.cocoapods.demo.$(PRODUCT_NAME:rfc1034identifier)";
				PRODUCT_NAME = "$(TARGET_NAME)";
			};
			name = Release;
		};
		607FACF31AFB9204008FA782 /* Debug */ = {
			isa = XCBuildConfiguration;
			baseConfigurationReference = 7D0F01B335284780D8AAF807 /* Pods-TinySwift_Tests.debug.xcconfig */;
			buildSettings = {
				CLANG_ENABLE_MODULES = YES;
				DEVELOPMENT_TEAM = "";
				FRAMEWORK_SEARCH_PATHS = (
					"$(SDKROOT)/Developer/Library/Frameworks",
					"$(inherited)",
				);
				GCC_PREPROCESSOR_DEFINITIONS = (
					"DEBUG=1",
					"$(inherited)",
				);
				INFOPLIST_FILE = Tests/Info.plist;
				LD_RUNPATH_SEARCH_PATHS = "$(inherited) @executable_path/Frameworks @loader_path/Frameworks";
				PRODUCT_BUNDLE_IDENTIFIER = "org.cocoapods.$(PRODUCT_NAME:rfc1034identifier)";
				PRODUCT_NAME = "$(TARGET_NAME)";
				SWIFT_OPTIMIZATION_LEVEL = "-Onone";
				TEST_HOST = "$(BUILT_PRODUCTS_DIR)/TinySwift_Example.app/TinySwift_Example";
			};
			name = Debug;
		};
		607FACF41AFB9204008FA782 /* Release */ = {
			isa = XCBuildConfiguration;
			baseConfigurationReference = 63C15F6D28CE979B0D7F926F /* Pods-TinySwift_Tests.release.xcconfig */;
			buildSettings = {
				CLANG_ENABLE_MODULES = YES;
				DEVELOPMENT_TEAM = "";
				FRAMEWORK_SEARCH_PATHS = (
					"$(SDKROOT)/Developer/Library/Frameworks",
					"$(inherited)",
				);
				INFOPLIST_FILE = Tests/Info.plist;
				LD_RUNPATH_SEARCH_PATHS = "$(inherited) @executable_path/Frameworks @loader_path/Frameworks";
				PRODUCT_BUNDLE_IDENTIFIER = "org.cocoapods.$(PRODUCT_NAME:rfc1034identifier)";
				PRODUCT_NAME = "$(TARGET_NAME)";
				TEST_HOST = "$(BUILT_PRODUCTS_DIR)/TinySwift_Example.app/TinySwift_Example";
			};
			name = Release;
		};
/* End XCBuildConfiguration section */

/* Begin XCConfigurationList section */
		607FACCB1AFB9204008FA782 /* Build configuration list for PBXProject "TinySwift" */ = {
			isa = XCConfigurationList;
			buildConfigurations = (
				607FACED1AFB9204008FA782 /* Debug */,
				607FACEE1AFB9204008FA782 /* Release */,
			);
			defaultConfigurationIsVisible = 0;
			defaultConfigurationName = Release;
		};
		607FACEF1AFB9204008FA782 /* Build configuration list for PBXNativeTarget "TinySwift_Example" */ = {
			isa = XCConfigurationList;
			buildConfigurations = (
				607FACF01AFB9204008FA782 /* Debug */,
				607FACF11AFB9204008FA782 /* Release */,
			);
			defaultConfigurationIsVisible = 0;
			defaultConfigurationName = Release;
		};
		607FACF21AFB9204008FA782 /* Build configuration list for PBXNativeTarget "TinySwift_Tests" */ = {
			isa = XCConfigurationList;
			buildConfigurations = (
				607FACF31AFB9204008FA782 /* Debug */,
				607FACF41AFB9204008FA782 /* Release */,
			);
			defaultConfigurationIsVisible = 0;
			defaultConfigurationName = Release;
		};
/* End XCConfigurationList section */
	};
	rootObject = 607FACC81AFB9204008FA782 /* Project object */;
}
